
Microsoft Visual Studio Solution File, Format Version 12.00
# Visual Studio Version 17
VisualStudioVersion = 17.14.36212.18 d17.14
MinimumVisualStudioVersion = 10.0.40219.1
Project("{FAE04EC0-301F-11D3-BF4B-00C04F79EFBC}") = "CL-REUFT", "CL-REUFT\CL-REUFT.csproj", "{83F9BEED-AC1E-42C6-9A3D-B49BA6A50B05}"
EndProject
Global
	GlobalSection(SolutionConfigurationPlatforms) = preSolution
		Debug|Any CPU = Debug|Any CPU
		Release|Any CPU = Release|Any CPU
	EndGlobalSection
	GlobalSection(ProjectConfigurationPlatforms) = postSolution
		{83F9BEED-AC1E-42C6-9A3D-B49BA6A50B05}.Debug|Any CPU.ActiveCfg = Debug|Any CPU
		{83F9BEED-AC1E-42C6-9A3D-B49BA6A50B05}.Debug|Any CPU.Build.0 = Debug|Any CPU
		{83F9BEED-AC1E-42C6-9A3D-B49BA6A50B05}.Release|Any CPU.ActiveCfg = Release|Any CPU
		{83F9BEED-AC1E-42C6-9A3D-B49BA6A50B05}.Release|Any CPU.Build.0 = Release|Any CPU
	EndGlobalSection
	GlobalSection(SolutionProperties) = preSolution
		HideSolutionNode = FALSE
	EndGlobalSection
	GlobalSection(ExtensibilityGlobals) = postSolution
		SolutionGuid = {75EBDD18-084B-48FC-83F8-4F56715025CE}
	EndGlobalSection
EndGlobal
